
Microsoft Visual Studio Solution File, Format Version 12.00
# Visual Studio Version 17
VisualStudioVersion = 17.7.34202.233
MinimumVisualStudioVersion = 10.0.40219.1
Project("{9A19103F-16F7-4668-BE54-9A1E7A4F7556}") = "MagicalRevert", "MagicalRevert.csproj", "{6DAABC57-468C-4665-AE51-2FBB1E622ECE}"
EndProject
Project("{FAE04EC0-301F-11D3-BF4B-00C04F79EFBC}") = "MagicalRevert.nUnitTests", "..\MagicalRevert.nUnitTests\MagicalRevert.nUnitTests.csproj", "{C4B33F5E-1DA0-4D92-BEAA-35D6D586374A}"
EndProject
Global
	GlobalSection(SolutionConfigurationPlatforms) = preSolution
		Debug|Any CPU = Debug|Any CPU
		Release|Any CPU = Release|Any CPU
	EndGlobalSection
	GlobalSection(ProjectConfigurationPlatforms) = postSolution
		{6DAABC57-468C-4665-AE51-2FBB1E622ECE}.Debug|Any CPU.ActiveCfg = Debug|Any CPU
		{6DAABC57-468C-4665-AE51-2FBB1E622ECE}.Debug|Any CPU.Build.0 = Debug|Any CPU
		{6DAABC57-468C-4665-AE51-2FBB1E622ECE}.Release|Any CPU.ActiveCfg = Release|Any CPU
		{6DAABC57-468C-4665-AE51-2FBB1E622ECE}.Release|Any CPU.Build.0 = Release|Any CPU
		{C4B33F5E-1DA0-4D92-BEAA-35D6D586374A}.Debug|Any CPU.ActiveCfg = Debug|Any CPU
		{C4B33F5E-1DA0-4D92-BEAA-35D6D586374A}.Debug|Any CPU.Build.0 = Debug|Any CPU
		{C4B33F5E-1DA0-4D92-BEAA-35D6D586374A}.Release|Any CPU.ActiveCfg = Release|Any CPU
		{C4B33F5E-1DA0-4D92-BEAA-35D6D586374A}.Release|Any CPU.Build.0 = Release|Any CPU
	EndGlobalSection
	GlobalSection(SolutionProperties) = preSolution
		HideSolutionNode = FALSE
	EndGlobalSection
	GlobalSection(ExtensibilityGlobals) = postSolution
		SolutionGuid = {174EC597-45FC-4DDA-936D-229193B039B4}
	EndGlobalSection
EndGlobal
